{
  "name": "@wrtnio/agent-devtool",
  "version": "0.1.0",
  "lockfileVersion": 3,
  "requires": true,
  "packages": {
    "": {
      "name": "@wrtnio/agent-devtool",
      "version": "0.1.0",
      "license": "AGPL-3.0-only",
      "dependencies": {
        "@wrtnio/agent-os": "file:../",
        "slint-ui": "^1.9.2",
        "uuid": "^11.0.3"
      }
    },
    "..": {
      "name": "@wrtnio/agent-os",
      "version": "1.0.0",
      "license": "./LICENSE",
      "dependencies": {
        "@samchon/openapi": "^2.4.0",
        "@wrtnio/schema": "^3.2.1",
        "ajv": "^8.17.1",
        "openai": "^4.79.1",
        "uuid": "^11.0.5"
      },
      "devDependencies": {
        "@types/node": "^22.10.6",
        "@vitest/coverage-istanbul": "^2.1.8",
        "eslint": "^9.17.0",
        "eslint-config-prettier": "^9.1.0",
        "eslint-plugin-jsdoc": "^50.6.1",
        "prettier": "^3.4.2",
        "tsup": "^8.3.5",
        "typescript": "^5.7.2",
        "vitest": "^2.1.8"
      },
      "engines": {
        "node": "22",
        "npm": "10"
      }
    },
    "node_modules/@napi-rs/cli": {
      "version": "2.18.4",
      "resolved": "https://registry.npmjs.org/@napi-rs/cli/-/cli-2.18.4.tgz",
      "integrity": "sha512-SgJeA4df9DE2iAEpr3M2H0OKl/yjtg1BnRI5/JyowS71tUWhrfSu2LT0V3vlHET+g1hBVlrO60PmEXwUEKp8Mg==",
      "license": "MIT",
      "bin": {
        "napi": "scripts/index.js"
      },
      "engines": {
        "node": ">= 10"
      },
      "funding": {
        "type": "github",
        "url": "https://github.com/sponsors/Brooooooklyn"
      }
    },
    "node_modules/@slint-ui/slint-ui-binary-darwin-arm64": {
      "version": "1.9.2",
      "resolved": "https://registry.npmjs.org/@slint-ui/slint-ui-binary-darwin-arm64/-/slint-ui-binary-darwin-arm64-1.9.2.tgz",
      "integrity": "sha512-nr8BiKVQReYNptn9GCOR4aBdNwm1PzWLBvgb8wNBJ385zBDFdIJzSHTC0bCTDXGgi80Q4g/Ob+sxKzRCO3tCtw==",
      "cpu": [
        "arm64"
      ],
      "optional": true,
      "os": [
        "darwin"
      ]
    },
    "node_modules/@slint-ui/slint-ui-binary-darwin-x64": {
      "version": "1.9.2",
      "resolved": "https://registry.npmjs.org/@slint-ui/slint-ui-binary-darwin-x64/-/slint-ui-binary-darwin-x64-1.9.2.tgz",
      "integrity": "sha512-v2Mex6eGpS0bXwHStsNdwZJoE4r+/Fl2zOgl7EY0bosy5zp45+eEFtHm59ak08djkh+G8o6CKrDADro8bcmxYA==",
      "cpu": [
        "x64"
      ],
      "optional": true,
      "os": [
        "darwin"
      ]
    },
    "node_modules/@slint-ui/slint-ui-binary-linux-arm64-gnu": {
      "version": "1.9.2",
      "resolved": "https://registry.npmjs.org/@slint-ui/slint-ui-binary-linux-arm64-gnu/-/slint-ui-binary-linux-arm64-gnu-1.9.2.tgz",
      "integrity": "sha512-m5XUGnFd7IEGXJ3zJlq1D0DaXgcjkDM9mmX3yjqOwGqmStjgF4OQEGfAEDyzipr7rQLF1V8kIfbrQc5+LGlauQ==",
      "cpu": [
        "arm64"
      ],
      "optional": true,
      "os": [
        "linux"
      ]
    },
    "node_modules/@slint-ui/slint-ui-binary-linux-x64-gnu": {
      "version": "1.9.2",
      "resolved": "https://registry.npmjs.org/@slint-ui/slint-ui-binary-linux-x64-gnu/-/slint-ui-binary-linux-x64-gnu-1.9.2.tgz",
      "integrity": "sha512-UQ6wi6DijgSKhshKntSKbnKU03FSc45/nn6pGyOCzdxhvszgWicWoH8t67vH8k1zl35619E/YcZ7e4gzGCVUCQ==",
      "cpu": [
        "x64"
      ],
      "optional": true,
      "os": [
        "linux"
      ]
    },
    "node_modules/@slint-ui/slint-ui-binary-win32-ia32-msvc": {
      "version": "1.9.2",
      "resolved": "https://registry.npmjs.org/@slint-ui/slint-ui-binary-win32-ia32-msvc/-/slint-ui-binary-win32-ia32-msvc-1.9.2.tgz",
      "integrity": "sha512-IkEi1TujFOsAKNDYjmP1M04noyiR5T/KmJnJMb+M/Q2Zu98mAwZFWRII6v7DTgZhl3TEZievU5idz+MVdtfNig==",
      "cpu": [
        "ia32"
      ],
      "optional": true,
      "os": [
        "win32"
      ]
    },
    "node_modules/@slint-ui/slint-ui-binary-win32-x64-msvc": {
      "version": "1.9.2",
      "resolved": "https://registry.npmjs.org/@slint-ui/slint-ui-binary-win32-x64-msvc/-/slint-ui-binary-win32-x64-msvc-1.9.2.tgz",
      "integrity": "sha512-eaQ/r1Tnake26Ljp+2eKCzLQJk3TqfLG+rOav3F0Z+2eFeGGAJ+S9pbuGduibDyd5p/Elj28eCL4hJ74TmR+eA==",
      "cpu": [
        "x64"
      ],
      "optional": true,
      "os": [
        "win32"
      ]
    },
    "node_modules/@wrtnio/agent-os": {
      "resolved": "..",
      "link": true
    },
    "node_modules/slint-ui": {
      "version": "1.9.2",
      "resolved": "https://registry.npmjs.org/slint-ui/-/slint-ui-1.9.2.tgz",
      "integrity": "sha512-5yf6LQUpJLlv9WR9urRf0hEMov5Hjr4gOA4DZpjvf1YbPz6pVb/evJwhrJ2AiF8YronMQSW2EDMHadfQW4JJRg==",
      "hasInstallScript": true,
      "license": "SEE LICENSE IN LICENSE.md",
      "dependencies": {
        "@napi-rs/cli": "2.18.4"
      },
      "engines": {
        "node": ">= 10"
      },
      "optionalDependencies": {
        "@slint-ui/slint-ui-binary-darwin-arm64": "1.9.2",
        "@slint-ui/slint-ui-binary-darwin-x64": "1.9.2",
        "@slint-ui/slint-ui-binary-linux-arm64-gnu": "1.9.2",
        "@slint-ui/slint-ui-binary-linux-x64-gnu": "1.9.2",
        "@slint-ui/slint-ui-binary-win32-ia32-msvc": "1.9.2",
        "@slint-ui/slint-ui-binary-win32-x64-msvc": "1.9.2"
      }
    },
    "node_modules/uuid": {
      "version": "11.0.5",
      "resolved": "https://registry.npmjs.org/uuid/-/uuid-11.0.5.tgz",
      "integrity": "sha512-508e6IcKLrhxKdBbcA2b4KQZlLVp2+J5UwQ6F7Drckkc5N9ZJwFa4TgWtsww9UG8fGHbm6gbV19TdM5pQ4GaIA==",
      "funding": [
        "https://github.com/sponsors/broofa",
        "https://github.com/sponsors/ctavan"
      ],
      "license": "MIT",
      "bin": {
        "uuid": "dist/esm/bin/uuid"
      }
    }
  }
}
