{
  "name": "@wrtnio/agent-devtool",
  "version": "0.1.0",
  "lockfileVersion": 3,
  "requires": true,
  "packages": {
    "": {
      "name": "@wrtnio/agent-devtool",
      "version": "0.1.0",
      "license": "AGPL-3.0-only",
      "dependencies": {
        "@wrtnio/agent-os": "file:../",
        "nunjucks": "^3.2.4",
        "nunjucks-async-loader": "^2.1.3",
        "slint-ui": "^1.9.2",
        "uuid": "^11.0.3"
      },
      "devDependencies": {
        "@types/nunjucks": "^3.2.6",
        "@wrtnio/schema": "^3.2.1"
      }
    },
    "..": {
      "name": "@wrtnio/agent-os",
      "version": "1.0.0",
      "license": "./LICENSE",
      "dependencies": {
        "@samchon/openapi": "^2.4.0",
        "@wrtnio/schema": "^3.2.1",
        "ajv": "^8.17.1",
        "nunjucks": "^3.2.4",
        "nunjucks-async-loader": "^2.1.3",
        "typia": "^7.6.0",
        "uuid": "^11.0.5"
      },
      "devDependencies": {
        "@anthropic-ai/sdk": "^0.35.0",
        "@ryoppippi/unplugin-typia": "^1.2.0",
        "@types/node": "^22.10.6",
        "@vitest/coverage-istanbul": "^2.1.8",
        "eslint": "^9.17.0",
        "eslint-config-prettier": "^9.1.0",
        "eslint-plugin-jsdoc": "^50.6.1",
        "openai": "^4.79.4",
        "prettier": "^3.4.2",
        "ts-patch": "^3.3.0",
        "tsup": "^8.3.5",
        "typescript": "^5.7.2",
        "vite": ">=5.4.12",
        "vitest": "^2.1.8"
      },
      "engines": {
        "node": "22",
        "npm": "10"
      },
      "optionalDependencies": {
        "@anthropic-ai/sdk": "^0.35.0",
        "openai": "^4.79.4"
      }
    },
    "node_modules/@napi-rs/cli": {
      "version": "2.18.4",
      "resolved": "https://registry.npmjs.org/@napi-rs/cli/-/cli-2.18.4.tgz",
      "integrity": "sha512-SgJeA4df9DE2iAEpr3M2H0OKl/yjtg1BnRI5/JyowS71tUWhrfSu2LT0V3vlHET+g1hBVlrO60PmEXwUEKp8Mg==",
      "license": "MIT",
      "bin": {
        "napi": "scripts/index.js"
      },
      "engines": {
        "node": ">= 10"
      },
      "funding": {
        "type": "github",
        "url": "https://github.com/sponsors/Brooooooklyn"
      }
    },
    "node_modules/@samchon/openapi": {
      "version": "2.4.0",
      "resolved": "https://registry.npmjs.org/@samchon/openapi/-/openapi-2.4.0.tgz",
      "integrity": "sha512-PydX+pugPCagfaIfPW57z0M2V58fAer6aQqNZWsa6MgM9gm5ZWPx85z1Yt9VvqTpIXMNnzlvA9tg8C5ngqP/SA==",
      "dev": true,
      "license": "MIT"
    },
    "node_modules/@slint-ui/slint-ui-binary-darwin-arm64": {
      "version": "1.9.2",
      "resolved": "https://registry.npmjs.org/@slint-ui/slint-ui-binary-darwin-arm64/-/slint-ui-binary-darwin-arm64-1.9.2.tgz",
      "integrity": "sha512-nr8BiKVQReYNptn9GCOR4aBdNwm1PzWLBvgb8wNBJ385zBDFdIJzSHTC0bCTDXGgi80Q4g/Ob+sxKzRCO3tCtw==",
      "cpu": [
        "arm64"
      ],
      "optional": true,
      "os": [
        "darwin"
      ]
    },
    "node_modules/@slint-ui/slint-ui-binary-darwin-x64": {
      "version": "1.9.2",
      "resolved": "https://registry.npmjs.org/@slint-ui/slint-ui-binary-darwin-x64/-/slint-ui-binary-darwin-x64-1.9.2.tgz",
      "integrity": "sha512-v2Mex6eGpS0bXwHStsNdwZJoE4r+/Fl2zOgl7EY0bosy5zp45+eEFtHm59ak08djkh+G8o6CKrDADro8bcmxYA==",
      "cpu": [
        "x64"
      ],
      "optional": true,
      "os": [
        "darwin"
      ]
    },
    "node_modules/@slint-ui/slint-ui-binary-linux-arm64-gnu": {
      "version": "1.9.2",
      "resolved": "https://registry.npmjs.org/@slint-ui/slint-ui-binary-linux-arm64-gnu/-/slint-ui-binary-linux-arm64-gnu-1.9.2.tgz",
      "integrity": "sha512-m5XUGnFd7IEGXJ3zJlq1D0DaXgcjkDM9mmX3yjqOwGqmStjgF4OQEGfAEDyzipr7rQLF1V8kIfbrQc5+LGlauQ==",
      "cpu": [
        "arm64"
      ],
      "optional": true,
      "os": [
        "linux"
      ]
    },
    "node_modules/@slint-ui/slint-ui-binary-linux-x64-gnu": {
      "version": "1.9.2",
      "resolved": "https://registry.npmjs.org/@slint-ui/slint-ui-binary-linux-x64-gnu/-/slint-ui-binary-linux-x64-gnu-1.9.2.tgz",
      "integrity": "sha512-UQ6wi6DijgSKhshKntSKbnKU03FSc45/nn6pGyOCzdxhvszgWicWoH8t67vH8k1zl35619E/YcZ7e4gzGCVUCQ==",
      "cpu": [
        "x64"
      ],
      "optional": true,
      "os": [
        "linux"
      ]
    },
    "node_modules/@slint-ui/slint-ui-binary-win32-ia32-msvc": {
      "version": "1.9.2",
      "resolved": "https://registry.npmjs.org/@slint-ui/slint-ui-binary-win32-ia32-msvc/-/slint-ui-binary-win32-ia32-msvc-1.9.2.tgz",
      "integrity": "sha512-IkEi1TujFOsAKNDYjmP1M04noyiR5T/KmJnJMb+M/Q2Zu98mAwZFWRII6v7DTgZhl3TEZievU5idz+MVdtfNig==",
      "cpu": [
        "ia32"
      ],
      "optional": true,
      "os": [
        "win32"
      ]
    },
    "node_modules/@slint-ui/slint-ui-binary-win32-x64-msvc": {
      "version": "1.9.2",
      "resolved": "https://registry.npmjs.org/@slint-ui/slint-ui-binary-win32-x64-msvc/-/slint-ui-binary-win32-x64-msvc-1.9.2.tgz",
      "integrity": "sha512-eaQ/r1Tnake26Ljp+2eKCzLQJk3TqfLG+rOav3F0Z+2eFeGGAJ+S9pbuGduibDyd5p/Elj28eCL4hJ74TmR+eA==",
      "cpu": [
        "x64"
      ],
      "optional": true,
      "os": [
        "win32"
      ]
    },
    "node_modules/@types/nunjucks": {
      "version": "3.2.6",
      "resolved": "https://registry.npmjs.org/@types/nunjucks/-/nunjucks-3.2.6.tgz",
      "integrity": "sha512-pHiGtf83na1nCzliuAdq8GowYiXvH5l931xZ0YEHaLMNFgynpEqx+IPStlu7UaDkehfvl01e4x/9Tpwhy7Ue3w==",
      "dev": true,
      "license": "MIT"
    },
    "node_modules/@wrtnio/agent-os": {
      "resolved": "..",
      "link": true
    },
    "node_modules/@wrtnio/schema": {
      "version": "3.2.1",
      "resolved": "https://registry.npmjs.org/@wrtnio/schema/-/schema-3.2.1.tgz",
      "integrity": "sha512-OawL7JNUurspSObFJ/i6pWauUHXYnZWDRQuIfaB8L6mhd0vg0etjRhdS9k3geFjILD8GjHbWbLZiutBDOz/BCg==",
      "dev": true,
      "license": "MIT",
      "dependencies": {
        "@samchon/openapi": "^2.3.3"
      }
    },
    "node_modules/a-sync-waterfall": {
      "version": "1.0.1",
      "resolved": "https://registry.npmjs.org/a-sync-waterfall/-/a-sync-waterfall-1.0.1.tgz",
      "integrity": "sha512-RYTOHHdWipFUliRFMCS4X2Yn2X8M87V/OpSqWzKKOGhzqyUxzyVmhHDH9sAvG+ZuQf/TAOFsLCpMw09I1ufUnA==",
      "license": "MIT"
    },
    "node_modules/anymatch": {
      "version": "3.1.3",
      "resolved": "https://registry.npmjs.org/anymatch/-/anymatch-3.1.3.tgz",
      "integrity": "sha512-KMReFUr0B4t+D+OBkjR3KYqvocp2XaSzO55UcB6mgQMd3KbcE+mWTyvVV7D/zsdEbNnV6acZUutkiHQXvTr1Rw==",
      "license": "ISC",
      "dependencies": {
        "normalize-path": "^3.0.0",
        "picomatch": "^2.0.4"
      },
      "engines": {
        "node": ">= 8"
      }
    },
    "node_modules/asap": {
      "version": "2.0.6",
      "resolved": "https://registry.npmjs.org/asap/-/asap-2.0.6.tgz",
      "integrity": "sha512-BSHWgDSAiKs50o2Re8ppvp3seVHXSRM44cdSsT9FfNEUUZLOGWVCsiWaRPWM1Znn+mqZ1OfVZ3z3DWEzSp7hRA==",
      "license": "MIT"
    },
    "node_modules/binary-extensions": {
      "version": "2.3.0",
      "resolved": "https://registry.npmjs.org/binary-extensions/-/binary-extensions-2.3.0.tgz",
      "integrity": "sha512-Ceh+7ox5qe7LJuLHoY0feh3pHuUDHAcRUeyL2VYghZwfpkNIy/+8Ocg0a3UuSoYzavmylwuLWQOf3hl0jjMMIw==",
      "license": "MIT",
      "engines": {
        "node": ">=8"
      },
      "funding": {
        "url": "https://github.com/sponsors/sindresorhus"
      }
    },
    "node_modules/braces": {
      "version": "3.0.3",
      "resolved": "https://registry.npmjs.org/braces/-/braces-3.0.3.tgz",
      "integrity": "sha512-yQbXgO/OSZVD2IsiLlro+7Hf6Q18EJrKSEsdoMzKePKXct3gvD8oLcOQdIzGupr5Fj+EDe8gO/lxc1BzfMpxvA==",
      "license": "MIT",
      "dependencies": {
        "fill-range": "^7.1.1"
      },
      "engines": {
        "node": ">=8"
      }
    },
    "node_modules/chokidar": {
      "version": "3.6.0",
      "resolved": "https://registry.npmjs.org/chokidar/-/chokidar-3.6.0.tgz",
      "integrity": "sha512-7VT13fmjotKpGipCW9JEQAusEPE+Ei8nl6/g4FBAmIm0GOOLMua9NDDo/DWp0ZAxCr3cPq5ZpBqmPAQgDda2Pw==",
      "license": "MIT",
      "dependencies": {
        "anymatch": "~3.1.2",
        "braces": "~3.0.2",
        "glob-parent": "~5.1.2",
        "is-binary-path": "~2.1.0",
        "is-glob": "~4.0.1",
        "normalize-path": "~3.0.0",
        "readdirp": "~3.6.0"
      },
      "engines": {
        "node": ">= 8.10.0"
      },
      "funding": {
        "url": "https://paulmillr.com/funding/"
      },
      "optionalDependencies": {
        "fsevents": "~2.3.2"
      }
    },
    "node_modules/commander": {
      "version": "5.1.0",
      "resolved": "https://registry.npmjs.org/commander/-/commander-5.1.0.tgz",
      "integrity": "sha512-P0CysNDQ7rtVw4QIQtm+MRxV66vKFSvlsQvGYXZWR3qFU0jlMKHZZZgw8e+8DSah4UDKMqnknRDQz+xuQXQ/Zg==",
      "license": "MIT",
      "engines": {
        "node": ">= 6"
      }
    },
    "node_modules/fill-range": {
      "version": "7.1.1",
      "resolved": "https://registry.npmjs.org/fill-range/-/fill-range-7.1.1.tgz",
      "integrity": "sha512-YsGpe3WHLK8ZYi4tWDg2Jy3ebRz2rXowDxnld4bkQB00cc/1Zw9AWnC0i9ztDJitivtQvaI9KaLyKrc+hBW0yg==",
      "license": "MIT",
      "dependencies": {
        "to-regex-range": "^5.0.1"
      },
      "engines": {
        "node": ">=8"
      }
    },
    "node_modules/fsevents": {
      "version": "2.3.3",
      "resolved": "https://registry.npmjs.org/fsevents/-/fsevents-2.3.3.tgz",
      "integrity": "sha512-5xoDfX+fL7faATnagmWPpbFtwh/R77WmMMqqHGS65C3vvB0YHrgF+B1YmZ3441tMj5n63k0212XNoJwzlhffQw==",
      "hasInstallScript": true,
      "license": "MIT",
      "optional": true,
      "os": [
        "darwin"
      ],
      "engines": {
        "node": "^8.16.0 || ^10.6.0 || >=11.0.0"
      }
    },
    "node_modules/glob-parent": {
      "version": "5.1.2",
      "resolved": "https://registry.npmjs.org/glob-parent/-/glob-parent-5.1.2.tgz",
      "integrity": "sha512-AOIgSQCepiJYwP3ARnGx+5VnTu2HBYdzbGP45eLw1vr3zB3vZLeyed1sC9hnbcOc9/SrMyM5RPQrkGz4aS9Zow==",
      "license": "ISC",
      "dependencies": {
        "is-glob": "^4.0.1"
      },
      "engines": {
        "node": ">= 6"
      }
    },
    "node_modules/is-binary-path": {
      "version": "2.1.0",
      "resolved": "https://registry.npmjs.org/is-binary-path/-/is-binary-path-2.1.0.tgz",
      "integrity": "sha512-ZMERYes6pDydyuGidse7OsHxtbI7WVeUEozgR/g7rd0xUimYNlvZRE/K2MgZTjWy725IfelLeVcEM97mmtRGXw==",
      "license": "MIT",
      "dependencies": {
        "binary-extensions": "^2.0.0"
      },
      "engines": {
        "node": ">=8"
      }
    },
    "node_modules/is-extglob": {
      "version": "2.1.1",
      "resolved": "https://registry.npmjs.org/is-extglob/-/is-extglob-2.1.1.tgz",
      "integrity": "sha512-SbKbANkN603Vi4jEZv49LeVJMn4yGwsbzZworEoyEiutsN3nJYdbO36zfhGJ6QEDpOZIFkDtnq5JRxmvl3jsoQ==",
      "license": "MIT",
      "engines": {
        "node": ">=0.10.0"
      }
    },
    "node_modules/is-glob": {
      "version": "4.0.3",
      "resolved": "https://registry.npmjs.org/is-glob/-/is-glob-4.0.3.tgz",
      "integrity": "sha512-xelSayHH36ZgE7ZWhli7pW34hNbNl8Ojv5KVmkJD4hBdD3th8Tfk9vYasLM+mXWOZhFkgZfxhLSnrwRr4elSSg==",
      "license": "MIT",
      "dependencies": {
        "is-extglob": "^2.1.1"
      },
      "engines": {
        "node": ">=0.10.0"
      }
    },
    "node_modules/is-number": {
      "version": "7.0.0",
      "resolved": "https://registry.npmjs.org/is-number/-/is-number-7.0.0.tgz",
      "integrity": "sha512-41Cifkg6e8TylSpdtTpeLVMqvSBEVzTttHvERD741+pnZ8ANv0004MRL43QKPDlK9cGvNp6NZWZUBlbGXYxxng==",
      "license": "MIT",
      "engines": {
        "node": ">=0.12.0"
      }
    },
    "node_modules/normalize-path": {
      "version": "3.0.0",
      "resolved": "https://registry.npmjs.org/normalize-path/-/normalize-path-3.0.0.tgz",
      "integrity": "sha512-6eZs5Ls3WtCisHWp9S2GUy8dqkpGi4BVSz3GaqiE6ezub0512ESztXUwUB6C6IKbQkY2Pnb/mD4WYojCRwcwLA==",
      "license": "MIT",
      "engines": {
        "node": ">=0.10.0"
      }
    },
    "node_modules/nunjucks": {
      "version": "3.2.4",
      "resolved": "https://registry.npmjs.org/nunjucks/-/nunjucks-3.2.4.tgz",
      "integrity": "sha512-26XRV6BhkgK0VOxfbU5cQI+ICFUtMLixv1noZn1tGU38kQH5A5nmmbk/O45xdyBhD1esk47nKrY0mvQpZIhRjQ==",
      "license": "BSD-2-Clause",
      "dependencies": {
        "a-sync-waterfall": "^1.0.0",
        "asap": "^2.0.3",
        "commander": "^5.1.0"
      },
      "bin": {
        "nunjucks-precompile": "bin/precompile"
      },
      "engines": {
        "node": ">= 6.9.0"
      },
      "peerDependencies": {
        "chokidar": "^3.3.0"
      },
      "peerDependenciesMeta": {
        "chokidar": {
          "optional": true
        }
      }
    },
    "node_modules/nunjucks-async-loader": {
      "version": "2.1.3",
      "resolved": "https://registry.npmjs.org/nunjucks-async-loader/-/nunjucks-async-loader-2.1.3.tgz",
      "integrity": "sha512-PTGLx8J0i2QHUyjwORfZ3oSdrRHV31D+XtiACHqQzkbup2YsODF3FXinpUhTR8NKu6pPCOOMgEadvCeKhdMjGg==",
      "license": "MIT",
      "dependencies": {
        "chokidar": "^3.6.0"
      },
      "engines": {
        "node": ">= 18"
      },
      "peerDependencies": {
        "nunjucks": "^3.2.4"
      }
    },
    "node_modules/picomatch": {
      "version": "2.3.1",
      "resolved": "https://registry.npmjs.org/picomatch/-/picomatch-2.3.1.tgz",
      "integrity": "sha512-JU3teHTNjmE2VCGFzuY8EXzCDVwEqB2a8fsIvwaStHhAWJEeVd1o1QD80CU6+ZdEXXSLbSsuLwJjkCBWqRQUVA==",
      "license": "MIT",
      "engines": {
        "node": ">=8.6"
      },
      "funding": {
        "url": "https://github.com/sponsors/jonschlinkert"
      }
    },
    "node_modules/readdirp": {
      "version": "3.6.0",
      "resolved": "https://registry.npmjs.org/readdirp/-/readdirp-3.6.0.tgz",
      "integrity": "sha512-hOS089on8RduqdbhvQ5Z37A0ESjsqz6qnRcffsMU3495FuTdqSm+7bhJ29JvIOsBDEEnan5DPu9t3To9VRlMzA==",
      "license": "MIT",
      "dependencies": {
        "picomatch": "^2.2.1"
      },
      "engines": {
        "node": ">=8.10.0"
      }
    },
    "node_modules/slint-ui": {
      "version": "1.9.2",
      "resolved": "https://registry.npmjs.org/slint-ui/-/slint-ui-1.9.2.tgz",
      "integrity": "sha512-5yf6LQUpJLlv9WR9urRf0hEMov5Hjr4gOA4DZpjvf1YbPz6pVb/evJwhrJ2AiF8YronMQSW2EDMHadfQW4JJRg==",
      "hasInstallScript": true,
      "license": "SEE LICENSE IN LICENSE.md",
      "dependencies": {
        "@napi-rs/cli": "2.18.4"
      },
      "engines": {
        "node": ">= 10"
      },
      "optionalDependencies": {
        "@slint-ui/slint-ui-binary-darwin-arm64": "1.9.2",
        "@slint-ui/slint-ui-binary-darwin-x64": "1.9.2",
        "@slint-ui/slint-ui-binary-linux-arm64-gnu": "1.9.2",
        "@slint-ui/slint-ui-binary-linux-x64-gnu": "1.9.2",
        "@slint-ui/slint-ui-binary-win32-ia32-msvc": "1.9.2",
        "@slint-ui/slint-ui-binary-win32-x64-msvc": "1.9.2"
      }
    },
    "node_modules/to-regex-range": {
      "version": "5.0.1",
      "resolved": "https://registry.npmjs.org/to-regex-range/-/to-regex-range-5.0.1.tgz",
      "integrity": "sha512-65P7iz6X5yEr1cwcgvQxbbIw7Uk3gOy5dIdtZ4rDveLqhrdJP+Li/Hx6tyK0NEb+2GCyneCMJiGqrADCSNk8sQ==",
      "license": "MIT",
      "dependencies": {
        "is-number": "^7.0.0"
      },
      "engines": {
        "node": ">=8.0"
      }
    },
    "node_modules/uuid": {
      "version": "11.0.5",
      "resolved": "https://registry.npmjs.org/uuid/-/uuid-11.0.5.tgz",
      "integrity": "sha512-508e6IcKLrhxKdBbcA2b4KQZlLVp2+J5UwQ6F7Drckkc5N9ZJwFa4TgWtsww9UG8fGHbm6gbV19TdM5pQ4GaIA==",
      "funding": [
        "https://github.com/sponsors/broofa",
        "https://github.com/sponsors/ctavan"
      ],
      "license": "MIT",
      "bin": {
        "uuid": "dist/esm/bin/uuid"
      }
    }
  }
}
